
Microsoft Visual Studio Solution File, Format Version 12.00
Project("{F2A71F9B-5D33-465A-A702-920D77279786}") = "Day02", "Day02\Day02.fsproj", "{7CC01E48-3DB3-4E6A-AAD0-F1B59069AE88}"
EndProject
Project("{F2A71F9B-5D33-465A-A702-920D77279786}") = "Day03", "Day03\Day03.fsproj", "{54664F3F-1433-4A01-95E8-829166773B89}"
EndProject
Project("{F2A71F9B-5D33-465A-A702-920D77279786}") = "Day04", "Day04\Day04.fsproj", "{8DC4A67F-1D8B-4D77-9DCE-3A65F587072E}"
EndProject
Project("{F2A71F9B-5D33-465A-A702-920D77279786}") = "Day05", "Day05\Day05.fsproj", "{F80A53CB-F329-4F2D-A24C-2AD6BA902935}"
EndProject
Project("{F2A71F9B-5D33-465A-A702-920D77279786}") = "Day06", "Day06\Day06.fsproj", "{C9149F39-AA4E-40D9-A4E0-D17796B98CCE}"
EndProject
Project("{F2A71F9B-5D33-465A-A702-920D77279786}") = "Day07", "Day07\Day07.fsproj", "{8A7F1BD1-DCAD-476D-832D-D9F417A954D4}"
EndProject
Project("{F2A71F9B-5D33-465A-A702-920D77279786}") = "Day08", "Day08\Day08.fsproj", "{A8835DD1-C791-4AFF-BF64-7D51FDBA2A8E}"
EndProject
Project("{F2A71F9B-5D33-465A-A702-920D77279786}") = "Day09", "Day09\Day09.fsproj", "{BBFD42A1-350B-447E-B9CE-C4C70C0E3EA0}"
EndProject
Project("{F2A71F9B-5D33-465A-A702-920D77279786}") = "Day10", "Day10\Day10.fsproj", "{46C2C83D-4AF2-4B24-800D-503D6A7F76B1}"
EndProject
Project("{F2A71F9B-5D33-465A-A702-920D77279786}") = "Day11", "Day11\Day11.fsproj", "{1C0B96C1-EBDB-43E3-BBB7-7A29DD817DA9}"
EndProject
Project("{F2A71F9B-5D33-465A-A702-920D77279786}") = "Day12", "Day12\Day12.fsproj", "{5AA9692E-03C3-499C-AE61-D3920E4C3D6B}"
EndProject
Project("{F2A71F9B-5D33-465A-A702-920D77279786}") = "Day13", "Day13\Day13.fsproj", "{C125F106-389A-4417-B328-014F7D826E56}"
EndProject
Project("{F2A71F9B-5D33-465A-A702-920D77279786}") = "Day14", "Day14\Day14.fsproj", "{BFB531AE-7E41-45D9-A547-B7D09C71976D}"
EndProject
Project("{F2A71F9B-5D33-465A-A702-920D77279786}") = "Day15", "Day15\Day15.fsproj", "{C9DDD4BC-67C3-4E50-A0F9-03D3CB111CBF}"
EndProject
Project("{F2A71F9B-5D33-465A-A702-920D77279786}") = "Day16", "Day16\Day16.fsproj", "{1FAE9880-6A65-413A-9EB4-AC0C879EE84B}"
EndProject
Project("{F2A71F9B-5D33-465A-A702-920D77279786}") = "Day17", "Day17\Day17.fsproj", "{879429F8-8669-45D5-B5BD-34926FC94CA2}"
EndProject
Project("{F2A71F9B-5D33-465A-A702-920D77279786}") = "Day18", "Day18\Day18.fsproj", "{75D99F9C-52AE-42FE-9976-4EA11E8A6967}"
EndProject
Project("{F2A71F9B-5D33-465A-A702-920D77279786}") = "Day19", "Day19\Day19.fsproj", "{DA464332-1CF8-472B-9095-218655B5C73D}"
EndProject
Project("{F2A71F9B-5D33-465A-A702-920D77279786}") = "Day20", "Day20\Day20.fsproj", "{DA9C6AE7-354A-455F-8AA0-F1D477F281EF}"
EndProject
Global
	GlobalSection(SolutionConfigurationPlatforms) = preSolution
		Debug|Any CPU = Debug|Any CPU
		Release|Any CPU = Release|Any CPU
	EndGlobalSection
	GlobalSection(ProjectConfigurationPlatforms) = postSolution
		{7CC01E48-3DB3-4E6A-AAD0-F1B59069AE88}.Debug|Any CPU.ActiveCfg = Debug|Any CPU
		{7CC01E48-3DB3-4E6A-AAD0-F1B59069AE88}.Debug|Any CPU.Build.0 = Debug|Any CPU
		{7CC01E48-3DB3-4E6A-AAD0-F1B59069AE88}.Release|Any CPU.ActiveCfg = Release|Any CPU
		{7CC01E48-3DB3-4E6A-AAD0-F1B59069AE88}.Release|Any CPU.Build.0 = Release|Any CPU
		{54664F3F-1433-4A01-95E8-829166773B89}.Debug|Any CPU.ActiveCfg = Debug|Any CPU
		{54664F3F-1433-4A01-95E8-829166773B89}.Debug|Any CPU.Build.0 = Debug|Any CPU
		{54664F3F-1433-4A01-95E8-829166773B89}.Release|Any CPU.ActiveCfg = Release|Any CPU
		{54664F3F-1433-4A01-95E8-829166773B89}.Release|Any CPU.Build.0 = Release|Any CPU
		{8DC4A67F-1D8B-4D77-9DCE-3A65F587072E}.Debug|Any CPU.ActiveCfg = Debug|Any CPU
		{8DC4A67F-1D8B-4D77-9DCE-3A65F587072E}.Debug|Any CPU.Build.0 = Debug|Any CPU
		{8DC4A67F-1D8B-4D77-9DCE-3A65F587072E}.Release|Any CPU.ActiveCfg = Release|Any CPU
		{8DC4A67F-1D8B-4D77-9DCE-3A65F587072E}.Release|Any CPU.Build.0 = Release|Any CPU
		{F80A53CB-F329-4F2D-A24C-2AD6BA902935}.Debug|Any CPU.ActiveCfg = Debug|Any CPU
		{F80A53CB-F329-4F2D-A24C-2AD6BA902935}.Debug|Any CPU.Build.0 = Debug|Any CPU
		{F80A53CB-F329-4F2D-A24C-2AD6BA902935}.Release|Any CPU.ActiveCfg = Release|Any CPU
		{F80A53CB-F329-4F2D-A24C-2AD6BA902935}.Release|Any CPU.Build.0 = Release|Any CPU
		{C9149F39-AA4E-40D9-A4E0-D17796B98CCE}.Debug|Any CPU.ActiveCfg = Debug|Any CPU
		{C9149F39-AA4E-40D9-A4E0-D17796B98CCE}.Debug|Any CPU.Build.0 = Debug|Any CPU
		{C9149F39-AA4E-40D9-A4E0-D17796B98CCE}.Release|Any CPU.ActiveCfg = Release|Any CPU
		{C9149F39-AA4E-40D9-A4E0-D17796B98CCE}.Release|Any CPU.Build.0 = Release|Any CPU
		{8A7F1BD1-DCAD-476D-832D-D9F417A954D4}.Debug|Any CPU.ActiveCfg = Debug|Any CPU
		{8A7F1BD1-DCAD-476D-832D-D9F417A954D4}.Debug|Any CPU.Build.0 = Debug|Any CPU
		{8A7F1BD1-DCAD-476D-832D-D9F417A954D4}.Release|Any CPU.ActiveCfg = Release|Any CPU
		{8A7F1BD1-DCAD-476D-832D-D9F417A954D4}.Release|Any CPU.Build.0 = Release|Any CPU
		{A8835DD1-C791-4AFF-BF64-7D51FDBA2A8E}.Debug|Any CPU.ActiveCfg = Debug|Any CPU
		{A8835DD1-C791-4AFF-BF64-7D51FDBA2A8E}.Debug|Any CPU.Build.0 = Debug|Any CPU
		{A8835DD1-C791-4AFF-BF64-7D51FDBA2A8E}.Release|Any CPU.ActiveCfg = Release|Any CPU
		{A8835DD1-C791-4AFF-BF64-7D51FDBA2A8E}.Release|Any CPU.Build.0 = Release|Any CPU
		{BBFD42A1-350B-447E-B9CE-C4C70C0E3EA0}.Debug|Any CPU.ActiveCfg = Debug|Any CPU
		{BBFD42A1-350B-447E-B9CE-C4C70C0E3EA0}.Debug|Any CPU.Build.0 = Debug|Any CPU
		{BBFD42A1-350B-447E-B9CE-C4C70C0E3EA0}.Release|Any CPU.ActiveCfg = Release|Any CPU
		{BBFD42A1-350B-447E-B9CE-C4C70C0E3EA0}.Release|Any CPU.Build.0 = Release|Any CPU
		{46C2C83D-4AF2-4B24-800D-503D6A7F76B1}.Debug|Any CPU.ActiveCfg = Debug|Any CPU
		{46C2C83D-4AF2-4B24-800D-503D6A7F76B1}.Debug|Any CPU.Build.0 = Debug|Any CPU
		{46C2C83D-4AF2-4B24-800D-503D6A7F76B1}.Release|Any CPU.ActiveCfg = Release|Any CPU
		{46C2C83D-4AF2-4B24-800D-503D6A7F76B1}.Release|Any CPU.Build.0 = Release|Any CPU
		{1C0B96C1-EBDB-43E3-BBB7-7A29DD817DA9}.Debug|Any CPU.ActiveCfg = Debug|Any CPU
		{1C0B96C1-EBDB-43E3-BBB7-7A29DD817DA9}.Debug|Any CPU.Build.0 = Debug|Any CPU
		{1C0B96C1-EBDB-43E3-BBB7-7A29DD817DA9}.Release|Any CPU.ActiveCfg = Release|Any CPU
		{1C0B96C1-EBDB-43E3-BBB7-7A29DD817DA9}.Release|Any CPU.Build.0 = Release|Any CPU
		{5AA9692E-03C3-499C-AE61-D3920E4C3D6B}.Debug|Any CPU.ActiveCfg = Debug|Any CPU
		{5AA9692E-03C3-499C-AE61-D3920E4C3D6B}.Debug|Any CPU.Build.0 = Debug|Any CPU
		{5AA9692E-03C3-499C-AE61-D3920E4C3D6B}.Release|Any CPU.ActiveCfg = Release|Any CPU
		{5AA9692E-03C3-499C-AE61-D3920E4C3D6B}.Release|Any CPU.Build.0 = Release|Any CPU
		{C125F106-389A-4417-B328-014F7D826E56}.Debug|Any CPU.ActiveCfg = Debug|Any CPU
		{C125F106-389A-4417-B328-014F7D826E56}.Debug|Any CPU.Build.0 = Debug|Any CPU
		{C125F106-389A-4417-B328-014F7D826E56}.Release|Any CPU.ActiveCfg = Release|Any CPU
		{C125F106-389A-4417-B328-014F7D826E56}.Release|Any CPU.Build.0 = Release|Any CPU
		{BFB531AE-7E41-45D9-A547-B7D09C71976D}.Debug|Any CPU.ActiveCfg = Debug|Any CPU
		{BFB531AE-7E41-45D9-A547-B7D09C71976D}.Debug|Any CPU.Build.0 = Debug|Any CPU
		{BFB531AE-7E41-45D9-A547-B7D09C71976D}.Release|Any CPU.ActiveCfg = Release|Any CPU
		{BFB531AE-7E41-45D9-A547-B7D09C71976D}.Release|Any CPU.Build.0 = Release|Any CPU
		{C9DDD4BC-67C3-4E50-A0F9-03D3CB111CBF}.Debug|Any CPU.ActiveCfg = Debug|Any CPU
		{C9DDD4BC-67C3-4E50-A0F9-03D3CB111CBF}.Debug|Any CPU.Build.0 = Debug|Any CPU
		{C9DDD4BC-67C3-4E50-A0F9-03D3CB111CBF}.Release|Any CPU.ActiveCfg = Release|Any CPU
		{C9DDD4BC-67C3-4E50-A0F9-03D3CB111CBF}.Release|Any CPU.Build.0 = Release|Any CPU
		{1FAE9880-6A65-413A-9EB4-AC0C879EE84B}.Debug|Any CPU.ActiveCfg = Debug|Any CPU
		{1FAE9880-6A65-413A-9EB4-AC0C879EE84B}.Debug|Any CPU.Build.0 = Debug|Any CPU
		{1FAE9880-6A65-413A-9EB4-AC0C879EE84B}.Release|Any CPU.ActiveCfg = Release|Any CPU
		{1FAE9880-6A65-413A-9EB4-AC0C879EE84B}.Release|Any CPU.Build.0 = Release|Any CPU
		{879429F8-8669-45D5-B5BD-34926FC94CA2}.Debug|Any CPU.ActiveCfg = Debug|Any CPU
		{879429F8-8669-45D5-B5BD-34926FC94CA2}.Debug|Any CPU.Build.0 = Debug|Any CPU
		{879429F8-8669-45D5-B5BD-34926FC94CA2}.Release|Any CPU.ActiveCfg = Release|Any CPU
		{879429F8-8669-45D5-B5BD-34926FC94CA2}.Release|Any CPU.Build.0 = Release|Any CPU
		{75D99F9C-52AE-42FE-9976-4EA11E8A6967}.Debug|Any CPU.ActiveCfg = Debug|Any CPU
		{75D99F9C-52AE-42FE-9976-4EA11E8A6967}.Debug|Any CPU.Build.0 = Debug|Any CPU
		{75D99F9C-52AE-42FE-9976-4EA11E8A6967}.Release|Any CPU.ActiveCfg = Release|Any CPU
		{75D99F9C-52AE-42FE-9976-4EA11E8A6967}.Release|Any CPU.Build.0 = Release|Any CPU
		{DA464332-1CF8-472B-9095-218655B5C73D}.Debug|Any CPU.ActiveCfg = Debug|Any CPU
		{DA464332-1CF8-472B-9095-218655B5C73D}.Debug|Any CPU.Build.0 = Debug|Any CPU
		{DA464332-1CF8-472B-9095-218655B5C73D}.Release|Any CPU.ActiveCfg = Release|Any CPU
		{DA464332-1CF8-472B-9095-218655B5C73D}.Release|Any CPU.Build.0 = Release|Any CPU
		{DA9C6AE7-354A-455F-8AA0-F1D477F281EF}.Debug|Any CPU.ActiveCfg = Debug|Any CPU
		{DA9C6AE7-354A-455F-8AA0-F1D477F281EF}.Debug|Any CPU.Build.0 = Debug|Any CPU
		{DA9C6AE7-354A-455F-8AA0-F1D477F281EF}.Release|Any CPU.ActiveCfg = Release|Any CPU
		{DA9C6AE7-354A-455F-8AA0-F1D477F281EF}.Release|Any CPU.Build.0 = Release|Any CPU
	EndGlobalSection
EndGlobal
